// !$*UTF8*$!
{
	archiveVersion = 1;
	classes = {
	};
	objectVersion = 50;
	objects = {

/* Begin PBXBuildFile section */
		12962B715A430C3C1B2A1163 /* Pods_HackathonSATests.framework in Frameworks */ = {isa = PBXBuildFile; fileRef = 700A8679F1A195284CC27402 /* Pods_HackathonSATests.framework */; };
		2B22ECA32117580500EC1A71 /* Onboarding.storyboard in Resources */ = {isa = PBXBuildFile; fileRef = 2B22ECA22117580500EC1A71 /* Onboarding.storyboard */; };
		2B22ECA52117602800EC1A71 /* GPSNotAvailableViewController.swift in Sources */ = {isa = PBXBuildFile; fileRef = 2B22ECA42117602800EC1A71 /* GPSNotAvailableViewController.swift */; };
		2B679932211644F000554880 /* AppDelegate.swift in Sources */ = {isa = PBXBuildFile; fileRef = 2B679931211644F000554880 /* AppDelegate.swift */; };
		2B679934211644F000554880 /* ViewController.swift in Sources */ = {isa = PBXBuildFile; fileRef = 2B679933211644F000554880 /* ViewController.swift */; };
		2B679937211644F000554880 /* Main.storyboard in Resources */ = {isa = PBXBuildFile; fileRef = 2B679935211644F000554880 /* Main.storyboard */; };
		2B679939211644F100554880 /* Assets.xcassets in Resources */ = {isa = PBXBuildFile; fileRef = 2B679938211644F100554880 /* Assets.xcassets */; };
		2B67993C211644F100554880 /* LaunchScreen.storyboard in Resources */ = {isa = PBXBuildFile; fileRef = 2B67993A211644F100554880 /* LaunchScreen.storyboard */; };
		2B679947211644F100554880 /* HackathonSATests.swift in Sources */ = {isa = PBXBuildFile; fileRef = 2B679946211644F100554880 /* HackathonSATests.swift */; };
		2B679952211644F100554880 /* HackathonSAUITests.swift in Sources */ = {isa = PBXBuildFile; fileRef = 2B679951211644F100554880 /* HackathonSAUITests.swift */; };
		2B679B7821168F7300554880 /* BathingQualityService.swift in Sources */ = {isa = PBXBuildFile; fileRef = 2B679B7721168F7300554880 /* BathingQualityService.swift */; };
		2B679B80211744C800554880 /* OnboardingViewController.swift in Sources */ = {isa = PBXBuildFile; fileRef = 2B679B7F211744C700554880 /* OnboardingViewController.swift */; };
		2B679B8221174B3500554880 /* Page1ViewController.swift in Sources */ = {isa = PBXBuildFile; fileRef = 2B679B8121174B3500554880 /* Page1ViewController.swift */; };
		2B679B8421174B4300554880 /* Page2ViewController.swift in Sources */ = {isa = PBXBuildFile; fileRef = 2B679B8321174B4300554880 /* Page2ViewController.swift */; };
		2B679B862117511C00554880 /* FirstLaunch.swift in Sources */ = {isa = PBXBuildFile; fileRef = 2B679B852117511C00554880 /* FirstLaunch.swift */; };
		2BDF49D421177FE800E6A584 /* CheckResultViewController.swift in Sources */ = {isa = PBXBuildFile; fileRef = 2BDF49D321177FE800E6A584 /* CheckResultViewController.swift */; };
		2BDF49D62117890D00E6A584 /* BathingSpotDetailsViewController.swift in Sources */ = {isa = PBXBuildFile; fileRef = 2BDF49D52117890D00E6A584 /* BathingSpotDetailsViewController.swift */; };
		2BDF49D82117891800E6A584 /* ReportViewController.swift in Sources */ = {isa = PBXBuildFile; fileRef = 2BDF49D72117891800E6A584 /* ReportViewController.swift */; };
		B376A1436980BA0124654176 /* Pods_HackathonSA.framework in Frameworks */ = {isa = PBXBuildFile; fileRef = D40C6434015D5E95CBE6F4CB /* Pods_HackathonSA.framework */; };
		EC1537E22117735E001FA19A /* Page3ViewController.swift in Sources */ = {isa = PBXBuildFile; fileRef = EC1537E12117735E001FA19A /* Page3ViewController.swift */; };
		FAB874B1994595FA9F76F77F /* Pods_HackathonSAUITests.framework in Frameworks */ = {isa = PBXBuildFile; fileRef = 56ABA428E3C92405B6306EF9 /* Pods_HackathonSAUITests.framework */; };
/* End PBXBuildFile section */

/* Begin PBXContainerItemProxy section */
		2B679943211644F100554880 /* PBXContainerItemProxy */ = {
			isa = PBXContainerItemProxy;
			containerPortal = 2B679926211644EF00554880 /* Project object */;
			proxyType = 1;
			remoteGlobalIDString = 2B67992D211644F000554880;
			remoteInfo = HackathonSA;
		};
		2B67994E211644F100554880 /* PBXContainerItemProxy */ = {
			isa = PBXContainerItemProxy;
			containerPortal = 2B679926211644EF00554880 /* Project object */;
			proxyType = 1;
			remoteGlobalIDString = 2B67992D211644F000554880;
			remoteInfo = HackathonSA;
		};
/* End PBXContainerItemProxy section */

/* Begin PBXFileReference section */
		18EBCEA5EB47A34B93026685 /* Pods-HackathonSAUITests.release.xcconfig */ = {isa = PBXFileReference; includeInIndex = 1; lastKnownFileType = text.xcconfig; name = "Pods-HackathonSAUITests.release.xcconfig"; path = "Pods/Target Support Files/Pods-HackathonSAUITests/Pods-HackathonSAUITests.release.xcconfig"; sourceTree = "<group>"; };
		2B22ECA22117580500EC1A71 /* Onboarding.storyboard */ = {isa = PBXFileReference; lastKnownFileType = file.storyboard; path = Onboarding.storyboard; sourceTree = "<group>"; };
		2B22ECA42117602800EC1A71 /* GPSNotAvailableViewController.swift */ = {isa = PBXFileReference; lastKnownFileType = sourcecode.swift; path = GPSNotAvailableViewController.swift; sourceTree = "<group>"; };
		2B67992E211644F000554880 /* HackathonSA.app */ = {isa = PBXFileReference; explicitFileType = wrapper.application; includeInIndex = 0; path = HackathonSA.app; sourceTree = BUILT_PRODUCTS_DIR; };
		2B679931211644F000554880 /* AppDelegate.swift */ = {isa = PBXFileReference; lastKnownFileType = sourcecode.swift; path = AppDelegate.swift; sourceTree = "<group>"; };
		2B679933211644F000554880 /* ViewController.swift */ = {isa = PBXFileReference; lastKnownFileType = sourcecode.swift; path = ViewController.swift; sourceTree = "<group>"; };
		2B679936211644F000554880 /* Base */ = {isa = PBXFileReference; lastKnownFileType = file.storyboard; name = Base; path = Base.lproj/Main.storyboard; sourceTree = "<group>"; };
		2B679938211644F100554880 /* Assets.xcassets */ = {isa = PBXFileReference; lastKnownFileType = folder.assetcatalog; path = Assets.xcassets; sourceTree = "<group>"; };
		2B67993B211644F100554880 /* Base */ = {isa = PBXFileReference; lastKnownFileType = file.storyboard; name = Base; path = Base.lproj/LaunchScreen.storyboard; sourceTree = "<group>"; };
		2B67993D211644F100554880 /* Info.plist */ = {isa = PBXFileReference; lastKnownFileType = text.plist.xml; path = Info.plist; sourceTree = "<group>"; };
		2B679942211644F100554880 /* HackathonSATests.xctest */ = {isa = PBXFileReference; explicitFileType = wrapper.cfbundle; includeInIndex = 0; path = HackathonSATests.xctest; sourceTree = BUILT_PRODUCTS_DIR; };
		2B679946211644F100554880 /* HackathonSATests.swift */ = {isa = PBXFileReference; lastKnownFileType = sourcecode.swift; path = HackathonSATests.swift; sourceTree = "<group>"; };
		2B679948211644F100554880 /* Info.plist */ = {isa = PBXFileReference; lastKnownFileType = text.plist.xml; path = Info.plist; sourceTree = "<group>"; };
		2B67994D211644F100554880 /* HackathonSAUITests.xctest */ = {isa = PBXFileReference; explicitFileType = wrapper.cfbundle; includeInIndex = 0; path = HackathonSAUITests.xctest; sourceTree = BUILT_PRODUCTS_DIR; };
		2B679951211644F100554880 /* HackathonSAUITests.swift */ = {isa = PBXFileReference; lastKnownFileType = sourcecode.swift; path = HackathonSAUITests.swift; sourceTree = "<group>"; };
		2B679953211644F100554880 /* Info.plist */ = {isa = PBXFileReference; lastKnownFileType = text.plist.xml; path = Info.plist; sourceTree = "<group>"; };
		2B679B7721168F7300554880 /* BathingQualityService.swift */ = {isa = PBXFileReference; lastKnownFileType = sourcecode.swift; path = BathingQualityService.swift; sourceTree = "<group>"; };
		2B679B7F211744C700554880 /* OnboardingViewController.swift */ = {isa = PBXFileReference; lastKnownFileType = sourcecode.swift; path = OnboardingViewController.swift; sourceTree = "<group>"; };
		2B679B8121174B3500554880 /* Page1ViewController.swift */ = {isa = PBXFileReference; lastKnownFileType = sourcecode.swift; path = Page1ViewController.swift; sourceTree = "<group>"; };
		2B679B8321174B4300554880 /* Page2ViewController.swift */ = {isa = PBXFileReference; lastKnownFileType = sourcecode.swift; path = Page2ViewController.swift; sourceTree = "<group>"; };
		2B679B852117511C00554880 /* FirstLaunch.swift */ = {isa = PBXFileReference; lastKnownFileType = sourcecode.swift; path = FirstLaunch.swift; sourceTree = "<group>"; };
		2BDF49D321177FE800E6A584 /* CheckResultViewController.swift */ = {isa = PBXFileReference; lastKnownFileType = sourcecode.swift; path = CheckResultViewController.swift; sourceTree = "<group>"; };
		2BDF49D52117890D00E6A584 /* BathingSpotDetailsViewController.swift */ = {isa = PBXFileReference; lastKnownFileType = sourcecode.swift; path = BathingSpotDetailsViewController.swift; sourceTree = "<group>"; };
		2BDF49D72117891800E6A584 /* ReportViewController.swift */ = {isa = PBXFileReference; lastKnownFileType = sourcecode.swift; path = ReportViewController.swift; sourceTree = "<group>"; };
		3E150129E40169963F025295 /* Pods-HackathonSATests.release.xcconfig */ = {isa = PBXFileReference; includeInIndex = 1; lastKnownFileType = text.xcconfig; name = "Pods-HackathonSATests.release.xcconfig"; path = "Pods/Target Support Files/Pods-HackathonSATests/Pods-HackathonSATests.release.xcconfig"; sourceTree = "<group>"; };
		3ECA17C59741A4F4B3687A40 /* Pods-HackathonSATests.debug.xcconfig */ = {isa = PBXFileReference; includeInIndex = 1; lastKnownFileType = text.xcconfig; name = "Pods-HackathonSATests.debug.xcconfig"; path = "Pods/Target Support Files/Pods-HackathonSATests/Pods-HackathonSATests.debug.xcconfig"; sourceTree = "<group>"; };
		56ABA428E3C92405B6306EF9 /* Pods_HackathonSAUITests.framework */ = {isa = PBXFileReference; explicitFileType = wrapper.framework; includeInIndex = 0; path = Pods_HackathonSAUITests.framework; sourceTree = BUILT_PRODUCTS_DIR; };
		700A8679F1A195284CC27402 /* Pods_HackathonSATests.framework */ = {isa = PBXFileReference; explicitFileType = wrapper.framework; includeInIndex = 0; path = Pods_HackathonSATests.framework; sourceTree = BUILT_PRODUCTS_DIR; };
		94DF0AA665FD23141C77AAB2 /* Pods-HackathonSAUITests.debug.xcconfig */ = {isa = PBXFileReference; includeInIndex = 1; lastKnownFileType = text.xcconfig; name = "Pods-HackathonSAUITests.debug.xcconfig"; path = "Pods/Target Support Files/Pods-HackathonSAUITests/Pods-HackathonSAUITests.debug.xcconfig"; sourceTree = "<group>"; };
		D40C6434015D5E95CBE6F4CB /* Pods_HackathonSA.framework */ = {isa = PBXFileReference; explicitFileType = wrapper.framework; includeInIndex = 0; path = Pods_HackathonSA.framework; sourceTree = BUILT_PRODUCTS_DIR; };
		E31CE948648D7B3BB7F8670E /* Pods-HackathonSA.debug.xcconfig */ = {isa = PBXFileReference; includeInIndex = 1; lastKnownFileType = text.xcconfig; name = "Pods-HackathonSA.debug.xcconfig"; path = "Pods/Target Support Files/Pods-HackathonSA/Pods-HackathonSA.debug.xcconfig"; sourceTree = "<group>"; };
		E8B6C2541047F1542CD5079E /* Pods-HackathonSA.release.xcconfig */ = {isa = PBXFileReference; includeInIndex = 1; lastKnownFileType = text.xcconfig; name = "Pods-HackathonSA.release.xcconfig"; path = "Pods/Target Support Files/Pods-HackathonSA/Pods-HackathonSA.release.xcconfig"; sourceTree = "<group>"; };
		EC1537E12117735E001FA19A /* Page3ViewController.swift */ = {isa = PBXFileReference; lastKnownFileType = sourcecode.swift; path = Page3ViewController.swift; sourceTree = "<group>"; };
/* End PBXFileReference section */

/* Begin PBXFrameworksBuildPhase section */
		2B67992B211644F000554880 /* Frameworks */ = {
			isa = PBXFrameworksBuildPhase;
			buildActionMask = 2147483647;
			files = (
				B376A1436980BA0124654176 /* Pods_HackathonSA.framework in Frameworks */,
			);
			runOnlyForDeploymentPostprocessing = 0;
		};
		2B67993F211644F100554880 /* Frameworks */ = {
			isa = PBXFrameworksBuildPhase;
			buildActionMask = 2147483647;
			files = (
				12962B715A430C3C1B2A1163 /* Pods_HackathonSATests.framework in Frameworks */,
			);
			runOnlyForDeploymentPostprocessing = 0;
		};
		2B67994A211644F100554880 /* Frameworks */ = {
			isa = PBXFrameworksBuildPhase;
			buildActionMask = 2147483647;
			files = (
				FAB874B1994595FA9F76F77F /* Pods_HackathonSAUITests.framework in Frameworks */,
			);
			runOnlyForDeploymentPostprocessing = 0;
		};
/* End PBXFrameworksBuildPhase section */

/* Begin PBXGroup section */
		2B679925211644EF00554880 = {
			isa = PBXGroup;
			children = (
				2B679930211644F000554880 /* HackathonSA */,
				2B679945211644F100554880 /* HackathonSATests */,
				2B679950211644F100554880 /* HackathonSAUITests */,
				2B67992F211644F000554880 /* Products */,
				99C93148E73A2E90D2F077A5 /* Pods */,
				A57813654519B2286E9613EE /* Frameworks */,
			);
			sourceTree = "<group>";
		};
		2B67992F211644F000554880 /* Products */ = {
			isa = PBXGroup;
			children = (
				2B67992E211644F000554880 /* HackathonSA.app */,
				2B679942211644F100554880 /* HackathonSATests.xctest */,
				2B67994D211644F100554880 /* HackathonSAUITests.xctest */,
			);
			name = Products;
			sourceTree = "<group>";
		};
		2B679930211644F000554880 /* HackathonSA */ = {
			isa = PBXGroup;
			children = (
				2B679931211644F000554880 /* AppDelegate.swift */,
				2B679933211644F000554880 /* ViewController.swift */,
				2B679935211644F000554880 /* Main.storyboard */,
				2B679938211644F100554880 /* Assets.xcassets */,
				2B67993A211644F100554880 /* LaunchScreen.storyboard */,
				2B67993D211644F100554880 /* Info.plist */,
				2B679B7721168F7300554880 /* BathingQualityService.swift */,
				2B679B7F211744C700554880 /* OnboardingViewController.swift */,
				2B679B8121174B3500554880 /* Page1ViewController.swift */,
				2B679B8321174B4300554880 /* Page2ViewController.swift */,
				EC1537E12117735E001FA19A /* Page3ViewController.swift */,
				2B679B852117511C00554880 /* FirstLaunch.swift */,
				2B22ECA22117580500EC1A71 /* Onboarding.storyboard */,
				2B22ECA42117602800EC1A71 /* GPSNotAvailableViewController.swift */,
				2BDF49D321177FE800E6A584 /* CheckResultViewController.swift */,
				2BDF49D52117890D00E6A584 /* BathingSpotDetailsViewController.swift */,
				2BDF49D72117891800E6A584 /* ReportViewController.swift */,
			);
			path = HackathonSA;
			sourceTree = "<group>";
		};
		2B679945211644F100554880 /* HackathonSATests */ = {
			isa = PBXGroup;
			children = (
				2B679946211644F100554880 /* HackathonSATests.swift */,
				2B679948211644F100554880 /* Info.plist */,
			);
			path = HackathonSATests;
			sourceTree = "<group>";
		};
		2B679950211644F100554880 /* HackathonSAUITests */ = {
			isa = PBXGroup;
			children = (
				2B679951211644F100554880 /* HackathonSAUITests.swift */,
				2B679953211644F100554880 /* Info.plist */,
			);
			path = HackathonSAUITests;
			sourceTree = "<group>";
		};
		99C93148E73A2E90D2F077A5 /* Pods */ = {
			isa = PBXGroup;
			children = (
				E31CE948648D7B3BB7F8670E /* Pods-HackathonSA.debug.xcconfig */,
				E8B6C2541047F1542CD5079E /* Pods-HackathonSA.release.xcconfig */,
				3ECA17C59741A4F4B3687A40 /* Pods-HackathonSATests.debug.xcconfig */,
				3E150129E40169963F025295 /* Pods-HackathonSATests.release.xcconfig */,
				94DF0AA665FD23141C77AAB2 /* Pods-HackathonSAUITests.debug.xcconfig */,
				18EBCEA5EB47A34B93026685 /* Pods-HackathonSAUITests.release.xcconfig */,
			);
			name = Pods;
			sourceTree = "<group>";
		};
		A57813654519B2286E9613EE /* Frameworks */ = {
			isa = PBXGroup;
			children = (
				D40C6434015D5E95CBE6F4CB /* Pods_HackathonSA.framework */,
				700A8679F1A195284CC27402 /* Pods_HackathonSATests.framework */,
				56ABA428E3C92405B6306EF9 /* Pods_HackathonSAUITests.framework */,
			);
			name = Frameworks;
			sourceTree = "<group>";
		};
/* End PBXGroup section */

/* Begin PBXNativeTarget section */
		2B67992D211644F000554880 /* HackathonSA */ = {
			isa = PBXNativeTarget;
			buildConfigurationList = 2B679956211644F100554880 /* Build configuration list for PBXNativeTarget "HackathonSA" */;
			buildPhases = (
				D05DAD41E387A87C0E889E74 /* [CP] Check Pods Manifest.lock */,
				2B67992A211644F000554880 /* Sources */,
				2B67992B211644F000554880 /* Frameworks */,
				2B67992C211644F000554880 /* Resources */,
				B06A64392A04D57671E692D3 /* [CP] Embed Pods Frameworks */,
			);
			buildRules = (
			);
			dependencies = (
			);
			name = HackathonSA;
			productName = HackathonSA;
			productReference = 2B67992E211644F000554880 /* HackathonSA.app */;
			productType = "com.apple.product-type.application";
		};
		2B679941211644F100554880 /* HackathonSATests */ = {
			isa = PBXNativeTarget;
			buildConfigurationList = 2B679959211644F100554880 /* Build configuration list for PBXNativeTarget "HackathonSATests" */;
			buildPhases = (
				028A36AA95E37921EDF22838 /* [CP] Check Pods Manifest.lock */,
				2B67993E211644F100554880 /* Sources */,
				2B67993F211644F100554880 /* Frameworks */,
				2B679940211644F100554880 /* Resources */,
			);
			buildRules = (
			);
			dependencies = (
				2B679944211644F100554880 /* PBXTargetDependency */,
			);
			name = HackathonSATests;
			productName = HackathonSATests;
			productReference = 2B679942211644F100554880 /* HackathonSATests.xctest */;
			productType = "com.apple.product-type.bundle.unit-test";
		};
		2B67994C211644F100554880 /* HackathonSAUITests */ = {
			isa = PBXNativeTarget;
			buildConfigurationList = 2B67995C211644F100554880 /* Build configuration list for PBXNativeTarget "HackathonSAUITests" */;
			buildPhases = (
				C9699BA3E9AB46D693F780D2 /* [CP] Check Pods Manifest.lock */,
				2B679949211644F100554880 /* Sources */,
				2B67994A211644F100554880 /* Frameworks */,
				2B67994B211644F100554880 /* Resources */,
			);
			buildRules = (
			);
			dependencies = (
				2B67994F211644F100554880 /* PBXTargetDependency */,
			);
			name = HackathonSAUITests;
			productName = HackathonSAUITests;
			productReference = 2B67994D211644F100554880 /* HackathonSAUITests.xctest */;
			productType = "com.apple.product-type.bundle.ui-testing";
		};
/* End PBXNativeTarget section */

/* Begin PBXProject section */
		2B679926211644EF00554880 /* Project object */ = {
			isa = PBXProject;
			attributes = {
				LastSwiftUpdateCheck = 0940;
				LastUpgradeCheck = 0940;
				ORGANIZATIONNAME = "Pregnant Places";
				TargetAttributes = {
					2B67992D211644F000554880 = {
						CreatedOnToolsVersion = 9.4.1;
					};
					2B679941211644F100554880 = {
						CreatedOnToolsVersion = 9.4.1;
						TestTargetID = 2B67992D211644F000554880;
					};
					2B67994C211644F100554880 = {
						CreatedOnToolsVersion = 9.4.1;
						TestTargetID = 2B67992D211644F000554880;
					};
				};
			};
			buildConfigurationList = 2B679929211644EF00554880 /* Build configuration list for PBXProject "HackathonSA" */;
			compatibilityVersion = "Xcode 9.3";
			developmentRegion = en;
			hasScannedForEncodings = 0;
			knownRegions = (
				en,
				Base,
			);
			mainGroup = 2B679925211644EF00554880;
			productRefGroup = 2B67992F211644F000554880 /* Products */;
			projectDirPath = "";
			projectRoot = "";
			targets = (
				2B67992D211644F000554880 /* HackathonSA */,
				2B679941211644F100554880 /* HackathonSATests */,
				2B67994C211644F100554880 /* HackathonSAUITests */,
			);
		};
/* End PBXProject section */

/* Begin PBXResourcesBuildPhase section */
		2B67992C211644F000554880 /* Resources */ = {
			isa = PBXResourcesBuildPhase;
			buildActionMask = 2147483647;
			files = (
				2B67993C211644F100554880 /* LaunchScreen.storyboard in Resources */,
				2B679939211644F100554880 /* Assets.xcassets in Resources */,
				2B679937211644F000554880 /* Main.storyboard in Resources */,
				2B22ECA32117580500EC1A71 /* Onboarding.storyboard in Resources */,
			);
			runOnlyForDeploymentPostprocessing = 0;
		};
		2B679940211644F100554880 /* Resources */ = {
			isa = PBXResourcesBuildPhase;
			buildActionMask = 2147483647;
			files = (
			);
			runOnlyForDeploymentPostprocessing = 0;
		};
		2B67994B211644F100554880 /* Resources */ = {
			isa = PBXResourcesBuildPhase;
			buildActionMask = 2147483647;
			files = (
			);
			runOnlyForDeploymentPostprocessing = 0;
		};
/* End PBXResourcesBuildPhase section */

/* Begin PBXShellScriptBuildPhase section */
		028A36AA95E37921EDF22838 /* [CP] Check Pods Manifest.lock */ = {
			isa = PBXShellScriptBuildPhase;
			buildActionMask = 2147483647;
			files = (
			);
			inputPaths = (
				"${PODS_PODFILE_DIR_PATH}/Podfile.lock",
				"${PODS_ROOT}/Manifest.lock",
			);
			name = "[CP] Check Pods Manifest.lock";
			outputPaths = (
				"$(DERIVED_FILE_DIR)/Pods-HackathonSATests-checkManifestLockResult.txt",
			);
			runOnlyForDeploymentPostprocessing = 0;
			shellPath = /bin/sh;
			shellScript = "diff \"${PODS_PODFILE_DIR_PATH}/Podfile.lock\" \"${PODS_ROOT}/Manifest.lock\" > /dev/null\nif [ $? != 0 ] ; then\n    # print error to STDERR\n    echo \"error: The sandbox is not in sync with the Podfile.lock. Run 'pod install' or update your CocoaPods installation.\" >&2\n    exit 1\nfi\n# This output is used by Xcode 'outputs' to avoid re-running this script phase.\necho \"SUCCESS\" > \"${SCRIPT_OUTPUT_FILE_0}\"\n";
			showEnvVarsInLog = 0;
		};
		B06A64392A04D57671E692D3 /* [CP] Embed Pods Frameworks */ = {
			isa = PBXShellScriptBuildPhase;
			buildActionMask = 2147483647;
			files = (
			);
			inputPaths = (
				"${SRCROOT}/Pods/Target Support Files/Pods-HackathonSA/Pods-HackathonSA-frameworks.sh",
				"${BUILT_PRODUCTS_DIR}/Alamofire/Alamofire.framework",
				"${BUILT_PRODUCTS_DIR}/Hero/Hero.framework",
				"${BUILT_PRODUCTS_DIR}/Moya/Moya.framework",
				"${BUILT_PRODUCTS_DIR}/Result/Result.framework",
				"${BUILT_PRODUCTS_DIR}/RxCocoa/RxCocoa.framework",
				"${BUILT_PRODUCTS_DIR}/RxSwift/RxSwift.framework",
			);
			name = "[CP] Embed Pods Frameworks";
			outputPaths = (
				"${TARGET_BUILD_DIR}/${FRAMEWORKS_FOLDER_PATH}/Alamofire.framework",
				"${TARGET_BUILD_DIR}/${FRAMEWORKS_FOLDER_PATH}/Hero.framework",
				"${TARGET_BUILD_DIR}/${FRAMEWORKS_FOLDER_PATH}/Moya.framework",
				"${TARGET_BUILD_DIR}/${FRAMEWORKS_FOLDER_PATH}/Result.framework",
				"${TARGET_BUILD_DIR}/${FRAMEWORKS_FOLDER_PATH}/RxCocoa.framework",
				"${TARGET_BUILD_DIR}/${FRAMEWORKS_FOLDER_PATH}/RxSwift.framework",
			);
			runOnlyForDeploymentPostprocessing = 0;
			shellPath = /bin/sh;
			shellScript = "\"${SRCROOT}/Pods/Target Support Files/Pods-HackathonSA/Pods-HackathonSA-frameworks.sh\"\n";
			showEnvVarsInLog = 0;
		};
		C9699BA3E9AB46D693F780D2 /* [CP] Check Pods Manifest.lock */ = {
			isa = PBXShellScriptBuildPhase;
			buildActionMask = 2147483647;
			files = (
			);
			inputPaths = (
				"${PODS_PODFILE_DIR_PATH}/Podfile.lock",
				"${PODS_ROOT}/Manifest.lock",
			);
			name = "[CP] Check Pods Manifest.lock";
			outputPaths = (
				"$(DERIVED_FILE_DIR)/Pods-HackathonSAUITests-checkManifestLockResult.txt",
			);
			runOnlyForDeploymentPostprocessing = 0;
			shellPath = /bin/sh;
			shellScript = "diff \"${PODS_PODFILE_DIR_PATH}/Podfile.lock\" \"${PODS_ROOT}/Manifest.lock\" > /dev/null\nif [ $? != 0 ] ; then\n    # print error to STDERR\n    echo \"error: The sandbox is not in sync with the Podfile.lock. Run 'pod install' or update your CocoaPods installation.\" >&2\n    exit 1\nfi\n# This output is used by Xcode 'outputs' to avoid re-running this script phase.\necho \"SUCCESS\" > \"${SCRIPT_OUTPUT_FILE_0}\"\n";
			showEnvVarsInLog = 0;
		};
		D05DAD41E387A87C0E889E74 /* [CP] Check Pods Manifest.lock */ = {
			isa = PBXShellScriptBuildPhase;
			buildActionMask = 2147483647;
			files = (
			);
			inputPaths = (
				"${PODS_PODFILE_DIR_PATH}/Podfile.lock",
				"${PODS_ROOT}/Manifest.lock",
			);
			name = "[CP] Check Pods Manifest.lock";
			outputPaths = (
				"$(DERIVED_FILE_DIR)/Pods-HackathonSA-checkManifestLockResult.txt",
			);
			runOnlyForDeploymentPostprocessing = 0;
			shellPath = /bin/sh;
			shellScript = "diff \"${PODS_PODFILE_DIR_PATH}/Podfile.lock\" \"${PODS_ROOT}/Manifest.lock\" > /dev/null\nif [ $? != 0 ] ; then\n    # print error to STDERR\n    echo \"error: The sandbox is not in sync with the Podfile.lock. Run 'pod install' or update your CocoaPods installation.\" >&2\n    exit 1\nfi\n# This output is used by Xcode 'outputs' to avoid re-running this script phase.\necho \"SUCCESS\" > \"${SCRIPT_OUTPUT_FILE_0}\"\n";
			showEnvVarsInLog = 0;
		};
/* End PBXShellScriptBuildPhase section */

/* Begin PBXSourcesBuildPhase section */
		2B67992A211644F000554880 /* Sources */ = {
			isa = PBXSourcesBuildPhase;
			buildActionMask = 2147483647;
			files = (
				2B679934211644F000554880 /* ViewController.swift in Sources */,
				2B22ECA52117602800EC1A71 /* GPSNotAvailableViewController.swift in Sources */,
				2B679B862117511C00554880 /* FirstLaunch.swift in Sources */,
				2B679B80211744C800554880 /* OnboardingViewController.swift in Sources */,
				2BDF49D82117891800E6A584 /* ReportViewController.swift in Sources */,
				EC1537E22117735E001FA19A /* Page3ViewController.swift in Sources */,
				2B679B8221174B3500554880 /* Page1ViewController.swift in Sources */,
				2BDF49D421177FE800E6A584 /* CheckResultViewController.swift in Sources */,
				2B679932211644F000554880 /* AppDelegate.swift in Sources */,
				2BDF49D62117890D00E6A584 /* BathingSpotDetailsViewController.swift in Sources */,
				2B679B7821168F7300554880 /* BathingQualityService.swift in Sources */,
				2B679B8421174B4300554880 /* Page2ViewController.swift in Sources */,
			);
			runOnlyForDeploymentPostprocessing = 0;
		};
		2B67993E211644F100554880 /* Sources */ = {
			isa = PBXSourcesBuildPhase;
			buildActionMask = 2147483647;
			files = (
				2B679947211644F100554880 /* HackathonSATests.swift in Sources */,
			);
			runOnlyForDeploymentPostprocessing = 0;
		};
		2B679949211644F100554880 /* Sources */ = {
			isa = PBXSourcesBuildPhase;
			buildActionMask = 2147483647;
			files = (
				2B679952211644F100554880 /* HackathonSAUITests.swift in Sources */,
			);
			runOnlyForDeploymentPostprocessing = 0;
		};
/* End PBXSourcesBuildPhase section */

/* Begin PBXTargetDependency section */
		2B679944211644F100554880 /* PBXTargetDependency */ = {
			isa = PBXTargetDependency;
			target = 2B67992D211644F000554880 /* HackathonSA */;
			targetProxy = 2B679943211644F100554880 /* PBXContainerItemProxy */;
		};
		2B67994F211644F100554880 /* PBXTargetDependency */ = {
			isa = PBXTargetDependency;
			target = 2B67992D211644F000554880 /* HackathonSA */;
			targetProxy = 2B67994E211644F100554880 /* PBXContainerItemProxy */;
		};
/* End PBXTargetDependency section */

/* Begin PBXVariantGroup section */
		2B679935211644F000554880 /* Main.storyboard */ = {
			isa = PBXVariantGroup;
			children = (
				2B679936211644F000554880 /* Base */,
			);
			name = Main.storyboard;
			sourceTree = "<group>";
		};
		2B67993A211644F100554880 /* LaunchScreen.storyboard */ = {
			isa = PBXVariantGroup;
			children = (
				2B67993B211644F100554880 /* Base */,
			);
			name = LaunchScreen.storyboard;
			sourceTree = "<group>";
		};
/* End PBXVariantGroup section */

/* Begin XCBuildConfiguration section */
		2B679954211644F100554880 /* Debug */ = {
			isa = XCBuildConfiguration;
			buildSettings = {
				ALWAYS_SEARCH_USER_PATHS = NO;
				CLANG_ANALYZER_NONNULL = YES;
				CLANG_ANALYZER_NUMBER_OBJECT_CONVERSION = YES_AGGRESSIVE;
				CLANG_CXX_LANGUAGE_STANDARD = "gnu++14";
				CLANG_CXX_LIBRARY = "libc++";
				CLANG_ENABLE_MODULES = YES;
				CLANG_ENABLE_OBJC_ARC = YES;
				CLANG_ENABLE_OBJC_WEAK = YES;
				CLANG_WARN_BLOCK_CAPTURE_AUTORELEASING = YES;
				CLANG_WARN_BOOL_CONVERSION = YES;
				CLANG_WARN_COMMA = YES;
				CLANG_WARN_CONSTANT_CONVERSION = YES;
				CLANG_WARN_DEPRECATED_OBJC_IMPLEMENTATIONS = YES;
				CLANG_WARN_DIRECT_OBJC_ISA_USAGE = YES_ERROR;
				CLANG_WARN_DOCUMENTATION_COMMENTS = YES;
				CLANG_WARN_EMPTY_BODY = YES;
				CLANG_WARN_ENUM_CONVERSION = YES;
				CLANG_WARN_INFINITE_RECURSION = YES;
				CLANG_WARN_INT_CONVERSION = YES;
				CLANG_WARN_NON_LITERAL_NULL_CONVERSION = YES;
				CLANG_WARN_OBJC_IMPLICIT_RETAIN_SELF = YES;
				CLANG_WARN_OBJC_LITERAL_CONVERSION = YES;
				CLANG_WARN_OBJC_ROOT_CLASS = YES_ERROR;
				CLANG_WARN_RANGE_LOOP_ANALYSIS = YES;
				CLANG_WARN_STRICT_PROTOTYPES = YES;
				CLANG_WARN_SUSPICIOUS_MOVE = YES;
				CLANG_WARN_UNGUARDED_AVAILABILITY = YES_AGGRESSIVE;
				CLANG_WARN_UNREACHABLE_CODE = YES;
				CLANG_WARN__DUPLICATE_METHOD_MATCH = YES;
				CODE_SIGN_IDENTITY = "iPhone Developer";
				COPY_PHASE_STRIP = NO;
				DEBUG_INFORMATION_FORMAT = dwarf;
				ENABLE_STRICT_OBJC_MSGSEND = YES;
				ENABLE_TESTABILITY = YES;
				GCC_C_LANGUAGE_STANDARD = gnu11;
				GCC_DYNAMIC_NO_PIC = NO;
				GCC_NO_COMMON_BLOCKS = YES;
				GCC_OPTIMIZATION_LEVEL = 0;
				GCC_PREPROCESSOR_DEFINITIONS = (
					"DEBUG=1",
					"$(inherited)",
				);
				GCC_WARN_64_TO_32_BIT_CONVERSION = YES;
				GCC_WARN_ABOUT_RETURN_TYPE = YES_ERROR;
				GCC_WARN_UNDECLARED_SELECTOR = YES;
				GCC_WARN_UNINITIALIZED_AUTOS = YES_AGGRESSIVE;
				GCC_WARN_UNUSED_FUNCTION = YES;
				GCC_WARN_UNUSED_VARIABLE = YES;
				IPHONEOS_DEPLOYMENT_TARGET = 11.4;
				MTL_ENABLE_DEBUG_INFO = YES;
				ONLY_ACTIVE_ARCH = YES;
				SDKROOT = iphoneos;
				SWIFT_ACTIVE_COMPILATION_CONDITIONS = DEBUG;
				SWIFT_OPTIMIZATION_LEVEL = "-Onone";
			};
			name = Debug;
		};
		2B679955211644F100554880 /* Release */ = {
			isa = XCBuildConfiguration;
			buildSettings = {
				ALWAYS_SEARCH_USER_PATHS = NO;
				CLANG_ANALYZER_NONNULL = YES;
				CLANG_ANALYZER_NUMBER_OBJECT_CONVERSION = YES_AGGRESSIVE;
				CLANG_CXX_LANGUAGE_STANDARD = "gnu++14";
				CLANG_CXX_LIBRARY = "libc++";
				CLANG_ENABLE_MODULES = YES;
				CLANG_ENABLE_OBJC_ARC = YES;
				CLANG_ENABLE_OBJC_WEAK = YES;
				CLANG_WARN_BLOCK_CAPTURE_AUTORELEASING = YES;
				CLANG_WARN_BOOL_CONVERSION = YES;
				CLANG_WARN_COMMA = YES;
				CLANG_WARN_CONSTANT_CONVERSION = YES;
				CLANG_WARN_DEPRECATED_OBJC_IMPLEMENTATIONS = YES;
				CLANG_WARN_DIRECT_OBJC_ISA_USAGE = YES_ERROR;
				CLANG_WARN_DOCUMENTATION_COMMENTS = YES;
				CLANG_WARN_EMPTY_BODY = YES;
				CLANG_WARN_ENUM_CONVERSION = YES;
				CLANG_WARN_INFINITE_RECURSION = YES;
				CLANG_WARN_INT_CONVERSION = YES;
				CLANG_WARN_NON_LITERAL_NULL_CONVERSION = YES;
				CLANG_WARN_OBJC_IMPLICIT_RETAIN_SELF = YES;
				CLANG_WARN_OBJC_LITERAL_CONVERSION = YES;
				CLANG_WARN_OBJC_ROOT_CLASS = YES_ERROR;
				CLANG_WARN_RANGE_LOOP_ANALYSIS = YES;
				CLANG_WARN_STRICT_PROTOTYPES = YES;
				CLANG_WARN_SUSPICIOUS_MOVE = YES;
				CLANG_WARN_UNGUARDED_AVAILABILITY = YES_AGGRESSIVE;
				CLANG_WARN_UNREACHABLE_CODE = YES;
				CLANG_WARN__DUPLICATE_METHOD_MATCH = YES;
				CODE_SIGN_IDENTITY = "iPhone Developer";
				COPY_PHASE_STRIP = NO;
				DEBUG_INFORMATION_FORMAT = "dwarf-with-dsym";
				ENABLE_NS_ASSERTIONS = NO;
				ENABLE_STRICT_OBJC_MSGSEND = YES;
				GCC_C_LANGUAGE_STANDARD = gnu11;
				GCC_NO_COMMON_BLOCKS = YES;
				GCC_WARN_64_TO_32_BIT_CONVERSION = YES;
				GCC_WARN_ABOUT_RETURN_TYPE = YES_ERROR;
				GCC_WARN_UNDECLARED_SELECTOR = YES;
				GCC_WARN_UNINITIALIZED_AUTOS = YES_AGGRESSIVE;
				GCC_WARN_UNUSED_FUNCTION = YES;
				GCC_WARN_UNUSED_VARIABLE = YES;
				IPHONEOS_DEPLOYMENT_TARGET = 11.4;
				MTL_ENABLE_DEBUG_INFO = NO;
				SDKROOT = iphoneos;
				SWIFT_COMPILATION_MODE = wholemodule;
				SWIFT_OPTIMIZATION_LEVEL = "-O";
				VALIDATE_PRODUCT = YES;
			};
			name = Release;
		};
		2B679957211644F100554880 /* Debug */ = {
			isa = XCBuildConfiguration;
			baseConfigurationReference = E31CE948648D7B3BB7F8670E /* Pods-HackathonSA.debug.xcconfig */;
			buildSettings = {
				ASSETCATALOG_COMPILER_APPICON_NAME = AppIcon;
				CODE_SIGN_STYLE = Automatic;
				DEVELOPMENT_TEAM = R7256CYX6L;
				INFOPLIST_FILE = HackathonSA/Info.plist;
				LD_RUNPATH_SEARCH_PATHS = (
					"$(inherited)",
					"@executable_path/Frameworks",
				);
				PRODUCT_BUNDLE_IDENTIFIER = com.PregnantPlaces.HackathonSA;
				PRODUCT_NAME = "$(TARGET_NAME)";
				SWIFT_VERSION = 4.0;
				TARGETED_DEVICE_FAMILY = "1,2";
			};
			name = Debug;
		};
		2B679958211644F100554880 /* Release */ = {
			isa = XCBuildConfiguration;
			baseConfigurationReference = E8B6C2541047F1542CD5079E /* Pods-HackathonSA.release.xcconfig */;
			buildSettings = {
				ASSETCATALOG_COMPILER_APPICON_NAME = AppIcon;
				CODE_SIGN_STYLE = Automatic;
				DEVELOPMENT_TEAM = R7256CYX6L;
				INFOPLIST_FILE = HackathonSA/Info.plist;
				LD_RUNPATH_SEARCH_PATHS = (
					"$(inherited)",
					"@executable_path/Frameworks",
				);
				PRODUCT_BUNDLE_IDENTIFIER = com.PregnantPlaces.HackathonSA;
				PRODUCT_NAME = "$(TARGET_NAME)";
				SWIFT_VERSION = 4.0;
				TARGETED_DEVICE_FAMILY = "1,2";
			};
			name = Release;
		};
		2B67995A211644F100554880 /* Debug */ = {
			isa = XCBuildConfiguration;
			baseConfigurationReference = 3ECA17C59741A4F4B3687A40 /* Pods-HackathonSATests.debug.xcconfig */;
			buildSettings = {
				ALWAYS_EMBED_SWIFT_STANDARD_LIBRARIES = YES;
				BUNDLE_LOADER = "$(TEST_HOST)";
				CODE_SIGN_STYLE = Automatic;
				INFOPLIST_FILE = HackathonSATests/Info.plist;
				LD_RUNPATH_SEARCH_PATHS = (
					"$(inherited)",
					"@executable_path/Frameworks",
					"@loader_path/Frameworks",
				);
				PRODUCT_BUNDLE_IDENTIFIER = com.PregnantPlaces.HackathonSATests;
				PRODUCT_NAME = "$(TARGET_NAME)";
				SWIFT_VERSION = 4.0;
				TARGETED_DEVICE_FAMILY = "1,2";
				TEST_HOST = "$(BUILT_PRODUCTS_DIR)/HackathonSA.app/HackathonSA";
			};
			name = Debug;
		};
		2B67995B211644F100554880 /* Release */ = {
			isa = XCBuildConfiguration;
			baseConfigurationReference = 3E150129E40169963F025295 /* Pods-HackathonSATests.release.xcconfig */;
			buildSettings = {
				ALWAYS_EMBED_SWIFT_STANDARD_LIBRARIES = YES;
				BUNDLE_LOADER = "$(TEST_HOST)";
				CODE_SIGN_STYLE = Automatic;
				INFOPLIST_FILE = HackathonSATests/Info.plist;
				LD_RUNPATH_SEARCH_PATHS = (
					"$(inherited)",
					"@executable_path/Frameworks",
					"@loader_path/Frameworks",
				);
				PRODUCT_BUNDLE_IDENTIFIER = com.PregnantPlaces.HackathonSATests;
				PRODUCT_NAME = "$(TARGET_NAME)";
				SWIFT_VERSION = 4.0;
				TARGETED_DEVICE_FAMILY = "1,2";
				TEST_HOST = "$(BUILT_PRODUCTS_DIR)/HackathonSA.app/HackathonSA";
			};
			name = Release;
		};
		2B67995D211644F100554880 /* Debug */ = {
			isa = XCBuildConfiguration;
			baseConfigurationReference = 94DF0AA665FD23141C77AAB2 /* Pods-HackathonSAUITests.debug.xcconfig */;
			buildSettings = {
				ALWAYS_EMBED_SWIFT_STANDARD_LIBRARIES = YES;
				CODE_SIGN_STYLE = Automatic;
				INFOPLIST_FILE = HackathonSAUITests/Info.plist;
				LD_RUNPATH_SEARCH_PATHS = (
					"$(inherited)",
					"@executable_path/Frameworks",
					"@loader_path/Frameworks",
				);
				PRODUCT_BUNDLE_IDENTIFIER = com.PregnantPlaces.HackathonSAUITests;
				PRODUCT_NAME = "$(TARGET_NAME)";
				SWIFT_VERSION = 4.0;
				TARGETED_DEVICE_FAMILY = "1,2";
				TEST_TARGET_NAME = HackathonSA;
			};
			name = Debug;
		};
		2B67995E211644F100554880 /* Release */ = {
			isa = XCBuildConfiguration;
			baseConfigurationReference = 18EBCEA5EB47A34B93026685 /* Pods-HackathonSAUITests.release.xcconfig */;
			buildSettings = {
				ALWAYS_EMBED_SWIFT_STANDARD_LIBRARIES = YES;
				CODE_SIGN_STYLE = Automatic;
				INFOPLIST_FILE = HackathonSAUITests/Info.plist;
				LD_RUNPATH_SEARCH_PATHS = (
					"$(inherited)",
					"@executable_path/Frameworks",
					"@loader_path/Frameworks",
				);
				PRODUCT_BUNDLE_IDENTIFIER = com.PregnantPlaces.HackathonSAUITests;
				PRODUCT_NAME = "$(TARGET_NAME)";
				SWIFT_VERSION = 4.0;
				TARGETED_DEVICE_FAMILY = "1,2";
				TEST_TARGET_NAME = HackathonSA;
			};
			name = Release;
		};
/* End XCBuildConfiguration section */

/* Begin XCConfigurationList section */
		2B679929211644EF00554880 /* Build configuration list for PBXProject "HackathonSA" */ = {
			isa = XCConfigurationList;
			buildConfigurations = (
				2B679954211644F100554880 /* Debug */,
				2B679955211644F100554880 /* Release */,
			);
			defaultConfigurationIsVisible = 0;
			defaultConfigurationName = Release;
		};
		2B679956211644F100554880 /* Build configuration list for PBXNativeTarget "HackathonSA" */ = {
			isa = XCConfigurationList;
			buildConfigurations = (
				2B679957211644F100554880 /* Debug */,
				2B679958211644F100554880 /* Release */,
			);
			defaultConfigurationIsVisible = 0;
			defaultConfigurationName = Release;
		};
		2B679959211644F100554880 /* Build configuration list for PBXNativeTarget "HackathonSATests" */ = {
			isa = XCConfigurationList;
			buildConfigurations = (
				2B67995A211644F100554880 /* Debug */,
				2B67995B211644F100554880 /* Release */,
			);
			defaultConfigurationIsVisible = 0;
			defaultConfigurationName = Release;
		};
		2B67995C211644F100554880 /* Build configuration list for PBXNativeTarget "HackathonSAUITests" */ = {
			isa = XCConfigurationList;
			buildConfigurations = (
				2B67995D211644F100554880 /* Debug */,
				2B67995E211644F100554880 /* Release */,
			);
			defaultConfigurationIsVisible = 0;
			defaultConfigurationName = Release;
		};
/* End XCConfigurationList section */
	};
	rootObject = 2B679926211644EF00554880 /* Project object */;
}
